
Microsoft Visual Studio Solution File, Format Version 12.00
# Visual Studio Version 16
VisualStudioVersion = 16.0.34031.81
MinimumVisualStudioVersion = 10.0.40219.1
Project("{2150E333-8FDC-42A3-9474-1A3956D46DE8}") = "Task0", "Task0", "{5CA9253D-9D77-44E2-A5DF-D870723F2DFA}"
EndProject
Project("{FAE04EC0-301F-11D3-BF4B-00C04F79EFBC}") = "Tyuiu.UsoltsevAD.Sprint6.Task0.V10", "Tyuiu.UsoltsevAD.Sprint6.Task0.V10\Tyuiu.UsoltsevAD.Sprint6.Task0.V10.csproj", "{DB5DBF92-A2AC-45F9-86E9-F69D32BE472E}"
EndProject
Project("{FAE04EC0-301F-11D3-BF4B-00C04F79EFBC}") = "Tyuiu.UsoltsevAD.Sprint6.Task0.V10.Lib", "Tyuiu.UsoltsevAD.Sprint6.Task0.V10.Lib\Tyuiu.UsoltsevAD.Sprint6.Task0.V10.Lib.csproj", "{1B341293-D7B7-4C13-AB88-E359DFF15076}"
EndProject
Project("{FAE04EC0-301F-11D3-BF4B-00C04F79EFBC}") = "Tyuiu.UsoltsevAD.Sprint6.Task0.V10.Test", "Tyuiu.UsoltsevAD.Sprint6.Task0.V10.Test\Tyuiu.UsoltsevAD.Sprint6.Task0.V10.Test.csproj", "{A342A575-75BC-4F0E-BB8F-C9A1F1629ED7}"
EndProject
Project("{2150E333-8FDC-42A3-9474-1A3956D46DE8}") = "Task1", "Task1", "{53050E9C-5F2A-47BE-B1BA-0E2DC11FA15D}"
EndProject
Project("{FAE04EC0-301F-11D3-BF4B-00C04F79EFBC}") = "Tyuiu.UsoltsevAD.Sprint6.Task1.V30", "Tyuiu.UsoltsevAD.Sprint6.Task1.V30\Tyuiu.UsoltsevAD.Sprint6.Task1.V30.csproj", "{8BB12500-E898-4980-93D7-58CDA6522B86}"
EndProject
Project("{FAE04EC0-301F-11D3-BF4B-00C04F79EFBC}") = "Tyuiu.UsoltsevAD.Sprint6.Task1.V30.Lib", "Tyuiu.UsoltsevAD.Sprint6.Task1.V30.Lib\Tyuiu.UsoltsevAD.Sprint6.Task1.V30.Lib.csproj", "{F3C592F4-D80F-42AE-B8AC-CA9F759DC153}"
EndProject
Project("{FAE04EC0-301F-11D3-BF4B-00C04F79EFBC}") = "Tyuiu.UsoltsevAD.Sprint6.Task1.V30.Test", "Tyuiu.UsoltsevAD.Sprint6.Task1.V30.Test\Tyuiu.UsoltsevAD.Sprint6.Task1.V30.Test.csproj", "{60120584-8BED-43C5-93D6-7D27F6488B0B}"
EndProject
Project("{2150E333-8FDC-42A3-9474-1A3956D46DE8}") = "Task2", "Task2", "{91B612FC-F304-46B4-825C-233DA12758BE}"
EndProject
Project("{FAE04EC0-301F-11D3-BF4B-00C04F79EFBC}") = "Tyuiu.UsoltsevAD.Sprint6.Task2.V30", "Tyuiu.UsoltsevAD.Sprint6.Task2.V30\Tyuiu.UsoltsevAD.Sprint6.Task2.V30.csproj", "{09D18202-A4B8-4FDC-A297-EFEE81445713}"
EndProject
Project("{FAE04EC0-301F-11D3-BF4B-00C04F79EFBC}") = "Tyuiu.UsoltsevAD.Sprint6.Task2.V30.Lib", "Tyuiu.UsoltsevAD.Sprint6.Task2.V30.Lib\Tyuiu.UsoltsevAD.Sprint6.Task2.V30.Lib.csproj", "{4141BF44-680D-47B5-8935-EFDF2FC6A07C}"
EndProject
Project("{FAE04EC0-301F-11D3-BF4B-00C04F79EFBC}") = "Tyuiu.UsoltsevAD.Sprint6.Task2.V30.Test", "Tyuiu.UsoltsevAD.Sprint6.Task2.V30.Test\Tyuiu.UsoltsevAD.Sprint6.Task2.V30.Test.csproj", "{3B182078-AD7B-4FAF-B8CD-1EDAC740E105}"
EndProject
Project("{2150E333-8FDC-42A3-9474-1A3956D46DE8}") = "Task3", "Task3", "{A08026E1-B0E9-4892-8238-F1452999BC03}"
EndProject
Project("{FAE04EC0-301F-11D3-BF4B-00C04F79EFBC}") = "Tyuiu.UsoltsevAD.Sprint6.Task3.V5", "Tyuiu.UsoltsevAD.Sprint6.Task3.V5\Tyuiu.UsoltsevAD.Sprint6.Task3.V5.csproj", "{8F8689A2-2A44-493A-90A7-17036E534B87}"
EndProject
Project("{FAE04EC0-301F-11D3-BF4B-00C04F79EFBC}") = "Tyuiu.UsoltsevAD.Sprint6.Task3.V5.Lib", "Tyuiu.UsoltsevAD.Sprint6.Task3.V5.Lib\Tyuiu.UsoltsevAD.Sprint6.Task3.V5.Lib.csproj", "{AE25AD35-2835-4E8F-BE8A-2EF2DEE3E2B9}"
EndProject
Project("{FAE04EC0-301F-11D3-BF4B-00C04F79EFBC}") = "Tyuiu.UsoltsevAD.Sprint6.Task3.V5.Test", "Tyuiu.UsoltsevAD.Sprint6.Task3.V5.Test\Tyuiu.UsoltsevAD.Sprint6.Task3.V5.Test.csproj", "{90E439CF-6307-459F-A154-031CFC5ED32C}"
EndProject
Project("{2150E333-8FDC-42A3-9474-1A3956D46DE8}") = "Task4", "Task4", "{344AB6E6-3D7B-4B36-BE29-0E8EC0775FEE}"
EndProject
Project("{FAE04EC0-301F-11D3-BF4B-00C04F79EFBC}") = "Tyuiu.UsoltsevAD.Sprint6.Task4.V20", "Tyuiu.UsoltsevAD.Sprint6.Task4.V20\Tyuiu.UsoltsevAD.Sprint6.Task4.V20.csproj", "{D0445807-946F-456F-A405-D3CBFCC21461}"
EndProject
Project("{FAE04EC0-301F-11D3-BF4B-00C04F79EFBC}") = "Tyuiu.UsoltsevAD.Sprint6.Task4.V20.Lib", "Tyuiu.UsoltsevAD.Sprint6.Task4.V20.Lib\Tyuiu.UsoltsevAD.Sprint6.Task4.V20.Lib.csproj", "{79961759-B176-408B-8857-B6E838BF7F5F}"
EndProject
Project("{FAE04EC0-301F-11D3-BF4B-00C04F79EFBC}") = "Tyuiu.UsoltsevAD.Sprint6.Task4.V20.Test", "Tyuiu.UsoltsevAD.Sprint6.Task4.V20.Test\Tyuiu.UsoltsevAD.Sprint6.Task4.V20.Test.csproj", "{66C5BD11-3681-4559-B1B5-B5F3FA392D88}"
EndProject
Project("{2150E333-8FDC-42A3-9474-1A3956D46DE8}") = "Task5", "Task5", "{8DD5B887-8161-4F08-8342-ABF2AC58FC82}"
EndProject
Project("{FAE04EC0-301F-11D3-BF4B-00C04F79EFBC}") = "Tyuiu.UsoltsevAD.Sprint6.Task5.V4", "Tyuiu.UsoltsevAD.Sprint6.Task5.V4\Tyuiu.UsoltsevAD.Sprint6.Task5.V4.csproj", "{89752881-594E-4B1A-8D52-DFACDC5E5B53}"
EndProject
Project("{FAE04EC0-301F-11D3-BF4B-00C04F79EFBC}") = "Tyuiu.UsoltsevAD.Sprint6.Task5.V4.Lib", "Tyuiu.UsoltsevAD.Sprint6.Task5.V4.Lib\Tyuiu.UsoltsevAD.Sprint6.Task5.V4.Lib.csproj", "{6F301077-80C9-4E13-AE77-38DA558ACDB6}"
EndProject
Project("{FAE04EC0-301F-11D3-BF4B-00C04F79EFBC}") = "Tyuiu.UsoltsevAD.Sprint6.Task5.V4.Test", "Tyuiu.UsoltsevAD.Sprint6.Task5.V4.Test\Tyuiu.UsoltsevAD.Sprint6.Task5.V4.Test.csproj", "{6F721F63-D2F0-438D-A9E4-3E2ADD19D06E}"
EndProject
Global
	GlobalSection(SolutionConfigurationPlatforms) = preSolution
		Debug|Any CPU = Debug|Any CPU
		Release|Any CPU = Release|Any CPU
	EndGlobalSection
	GlobalSection(ProjectConfigurationPlatforms) = postSolution
		{DB5DBF92-A2AC-45F9-86E9-F69D32BE472E}.Debug|Any CPU.ActiveCfg = Debug|Any CPU
		{DB5DBF92-A2AC-45F9-86E9-F69D32BE472E}.Debug|Any CPU.Build.0 = Debug|Any CPU
		{DB5DBF92-A2AC-45F9-86E9-F69D32BE472E}.Release|Any CPU.ActiveCfg = Release|Any CPU
		{DB5DBF92-A2AC-45F9-86E9-F69D32BE472E}.Release|Any CPU.Build.0 = Release|Any CPU
		{1B341293-D7B7-4C13-AB88-E359DFF15076}.Debug|Any CPU.ActiveCfg = Debug|Any CPU
		{1B341293-D7B7-4C13-AB88-E359DFF15076}.Debug|Any CPU.Build.0 = Debug|Any CPU
		{1B341293-D7B7-4C13-AB88-E359DFF15076}.Release|Any CPU.ActiveCfg = Release|Any CPU
		{1B341293-D7B7-4C13-AB88-E359DFF15076}.Release|Any CPU.Build.0 = Release|Any CPU
		{A342A575-75BC-4F0E-BB8F-C9A1F1629ED7}.Debug|Any CPU.ActiveCfg = Debug|Any CPU
		{A342A575-75BC-4F0E-BB8F-C9A1F1629ED7}.Debug|Any CPU.Build.0 = Debug|Any CPU
		{A342A575-75BC-4F0E-BB8F-C9A1F1629ED7}.Release|Any CPU.ActiveCfg = Release|Any CPU
		{A342A575-75BC-4F0E-BB8F-C9A1F1629ED7}.Release|Any CPU.Build.0 = Release|Any CPU
		{8BB12500-E898-4980-93D7-58CDA6522B86}.Debug|Any CPU.ActiveCfg = Debug|Any CPU
		{8BB12500-E898-4980-93D7-58CDA6522B86}.Debug|Any CPU.Build.0 = Debug|Any CPU
		{8BB12500-E898-4980-93D7-58CDA6522B86}.Release|Any CPU.ActiveCfg = Release|Any CPU
		{8BB12500-E898-4980-93D7-58CDA6522B86}.Release|Any CPU.Build.0 = Release|Any CPU
		{F3C592F4-D80F-42AE-B8AC-CA9F759DC153}.Debug|Any CPU.ActiveCfg = Debug|Any CPU
		{F3C592F4-D80F-42AE-B8AC-CA9F759DC153}.Debug|Any CPU.Build.0 = Debug|Any CPU
		{F3C592F4-D80F-42AE-B8AC-CA9F759DC153}.Release|Any CPU.ActiveCfg = Release|Any CPU
		{F3C592F4-D80F-42AE-B8AC-CA9F759DC153}.Release|Any CPU.Build.0 = Release|Any CPU
		{60120584-8BED-43C5-93D6-7D27F6488B0B}.Debug|Any CPU.ActiveCfg = Debug|Any CPU
		{60120584-8BED-43C5-93D6-7D27F6488B0B}.Debug|Any CPU.Build.0 = Debug|Any CPU
		{60120584-8BED-43C5-93D6-7D27F6488B0B}.Release|Any CPU.ActiveCfg = Release|Any CPU
		{60120584-8BED-43C5-93D6-7D27F6488B0B}.Release|Any CPU.Build.0 = Release|Any CPU
		{09D18202-A4B8-4FDC-A297-EFEE81445713}.Debug|Any CPU.ActiveCfg = Debug|Any CPU
		{09D18202-A4B8-4FDC-A297-EFEE81445713}.Debug|Any CPU.Build.0 = Debug|Any CPU
		{09D18202-A4B8-4FDC-A297-EFEE81445713}.Release|Any CPU.ActiveCfg = Release|Any CPU
		{09D18202-A4B8-4FDC-A297-EFEE81445713}.Release|Any CPU.Build.0 = Release|Any CPU
		{4141BF44-680D-47B5-8935-EFDF2FC6A07C}.Debug|Any CPU.ActiveCfg = Debug|Any CPU
		{4141BF44-680D-47B5-8935-EFDF2FC6A07C}.Debug|Any CPU.Build.0 = Debug|Any CPU
		{4141BF44-680D-47B5-8935-EFDF2FC6A07C}.Release|Any CPU.ActiveCfg = Release|Any CPU
		{4141BF44-680D-47B5-8935-EFDF2FC6A07C}.Release|Any CPU.Build.0 = Release|Any CPU
		{3B182078-AD7B-4FAF-B8CD-1EDAC740E105}.Debug|Any CPU.ActiveCfg = Debug|Any CPU
		{3B182078-AD7B-4FAF-B8CD-1EDAC740E105}.Debug|Any CPU.Build.0 = Debug|Any CPU
		{3B182078-AD7B-4FAF-B8CD-1EDAC740E105}.Release|Any CPU.ActiveCfg = Release|Any CPU
		{3B182078-AD7B-4FAF-B8CD-1EDAC740E105}.Release|Any CPU.Build.0 = Release|Any CPU
		{8F8689A2-2A44-493A-90A7-17036E534B87}.Debug|Any CPU.ActiveCfg = Debug|Any CPU
		{8F8689A2-2A44-493A-90A7-17036E534B87}.Debug|Any CPU.Build.0 = Debug|Any CPU
		{8F8689A2-2A44-493A-90A7-17036E534B87}.Release|Any CPU.ActiveCfg = Release|Any CPU
		{8F8689A2-2A44-493A-90A7-17036E534B87}.Release|Any CPU.Build.0 = Release|Any CPU
		{AE25AD35-2835-4E8F-BE8A-2EF2DEE3E2B9}.Debug|Any CPU.ActiveCfg = Debug|Any CPU
		{AE25AD35-2835-4E8F-BE8A-2EF2DEE3E2B9}.Debug|Any CPU.Build.0 = Debug|Any CPU
		{AE25AD35-2835-4E8F-BE8A-2EF2DEE3E2B9}.Release|Any CPU.ActiveCfg = Release|Any CPU
		{AE25AD35-2835-4E8F-BE8A-2EF2DEE3E2B9}.Release|Any CPU.Build.0 = Release|Any CPU
		{90E439CF-6307-459F-A154-031CFC5ED32C}.Debug|Any CPU.ActiveCfg = Debug|Any CPU
		{90E439CF-6307-459F-A154-031CFC5ED32C}.Debug|Any CPU.Build.0 = Debug|Any CPU
		{90E439CF-6307-459F-A154-031CFC5ED32C}.Release|Any CPU.ActiveCfg = Release|Any CPU
		{90E439CF-6307-459F-A154-031CFC5ED32C}.Release|Any CPU.Build.0 = Release|Any CPU
		{D0445807-946F-456F-A405-D3CBFCC21461}.Debug|Any CPU.ActiveCfg = Debug|Any CPU
		{D0445807-946F-456F-A405-D3CBFCC21461}.Debug|Any CPU.Build.0 = Debug|Any CPU
		{D0445807-946F-456F-A405-D3CBFCC21461}.Release|Any CPU.ActiveCfg = Release|Any CPU
		{D0445807-946F-456F-A405-D3CBFCC21461}.Release|Any CPU.Build.0 = Release|Any CPU
		{79961759-B176-408B-8857-B6E838BF7F5F}.Debug|Any CPU.ActiveCfg = Debug|Any CPU
		{79961759-B176-408B-8857-B6E838BF7F5F}.Debug|Any CPU.Build.0 = Debug|Any CPU
		{79961759-B176-408B-8857-B6E838BF7F5F}.Release|Any CPU.ActiveCfg = Release|Any CPU
		{79961759-B176-408B-8857-B6E838BF7F5F}.Release|Any CPU.Build.0 = Release|Any CPU
		{66C5BD11-3681-4559-B1B5-B5F3FA392D88}.Debug|Any CPU.ActiveCfg = Debug|Any CPU
		{66C5BD11-3681-4559-B1B5-B5F3FA392D88}.Debug|Any CPU.Build.0 = Debug|Any CPU
		{66C5BD11-3681-4559-B1B5-B5F3FA392D88}.Release|Any CPU.ActiveCfg = Release|Any CPU
		{66C5BD11-3681-4559-B1B5-B5F3FA392D88}.Release|Any CPU.Build.0 = Release|Any CPU
		{89752881-594E-4B1A-8D52-DFACDC5E5B53}.Debug|Any CPU.ActiveCfg = Debug|Any CPU
		{89752881-594E-4B1A-8D52-DFACDC5E5B53}.Debug|Any CPU.Build.0 = Debug|Any CPU
		{89752881-594E-4B1A-8D52-DFACDC5E5B53}.Release|Any CPU.ActiveCfg = Release|Any CPU
		{89752881-594E-4B1A-8D52-DFACDC5E5B53}.Release|Any CPU.Build.0 = Release|Any CPU
		{6F301077-80C9-4E13-AE77-38DA558ACDB6}.Debug|Any CPU.ActiveCfg = Debug|Any CPU
		{6F301077-80C9-4E13-AE77-38DA558ACDB6}.Debug|Any CPU.Build.0 = Debug|Any CPU
		{6F301077-80C9-4E13-AE77-38DA558ACDB6}.Release|Any CPU.ActiveCfg = Release|Any CPU
		{6F301077-80C9-4E13-AE77-38DA558ACDB6}.Release|Any CPU.Build.0 = Release|Any CPU
		{6F721F63-D2F0-438D-A9E4-3E2ADD19D06E}.Debug|Any CPU.ActiveCfg = Debug|Any CPU
		{6F721F63-D2F0-438D-A9E4-3E2ADD19D06E}.Debug|Any CPU.Build.0 = Debug|Any CPU
		{6F721F63-D2F0-438D-A9E4-3E2ADD19D06E}.Release|Any CPU.ActiveCfg = Release|Any CPU
		{6F721F63-D2F0-438D-A9E4-3E2ADD19D06E}.Release|Any CPU.Build.0 = Release|Any CPU
	EndGlobalSection
	GlobalSection(SolutionProperties) = preSolution
		HideSolutionNode = FALSE
	EndGlobalSection
	GlobalSection(NestedProjects) = preSolution
		{DB5DBF92-A2AC-45F9-86E9-F69D32BE472E} = {5CA9253D-9D77-44E2-A5DF-D870723F2DFA}
		{1B341293-D7B7-4C13-AB88-E359DFF15076} = {5CA9253D-9D77-44E2-A5DF-D870723F2DFA}
		{A342A575-75BC-4F0E-BB8F-C9A1F1629ED7} = {5CA9253D-9D77-44E2-A5DF-D870723F2DFA}
		{8BB12500-E898-4980-93D7-58CDA6522B86} = {53050E9C-5F2A-47BE-B1BA-0E2DC11FA15D}
		{F3C592F4-D80F-42AE-B8AC-CA9F759DC153} = {53050E9C-5F2A-47BE-B1BA-0E2DC11FA15D}
		{60120584-8BED-43C5-93D6-7D27F6488B0B} = {53050E9C-5F2A-47BE-B1BA-0E2DC11FA15D}
		{09D18202-A4B8-4FDC-A297-EFEE81445713} = {91B612FC-F304-46B4-825C-233DA12758BE}
		{4141BF44-680D-47B5-8935-EFDF2FC6A07C} = {91B612FC-F304-46B4-825C-233DA12758BE}
		{3B182078-AD7B-4FAF-B8CD-1EDAC740E105} = {91B612FC-F304-46B4-825C-233DA12758BE}
		{8F8689A2-2A44-493A-90A7-17036E534B87} = {A08026E1-B0E9-4892-8238-F1452999BC03}
		{AE25AD35-2835-4E8F-BE8A-2EF2DEE3E2B9} = {A08026E1-B0E9-4892-8238-F1452999BC03}
		{90E439CF-6307-459F-A154-031CFC5ED32C} = {A08026E1-B0E9-4892-8238-F1452999BC03}
		{D0445807-946F-456F-A405-D3CBFCC21461} = {344AB6E6-3D7B-4B36-BE29-0E8EC0775FEE}
		{79961759-B176-408B-8857-B6E838BF7F5F} = {344AB6E6-3D7B-4B36-BE29-0E8EC0775FEE}
		{66C5BD11-3681-4559-B1B5-B5F3FA392D88} = {344AB6E6-3D7B-4B36-BE29-0E8EC0775FEE}
		{89752881-594E-4B1A-8D52-DFACDC5E5B53} = {8DD5B887-8161-4F08-8342-ABF2AC58FC82}
		{6F301077-80C9-4E13-AE77-38DA558ACDB6} = {8DD5B887-8161-4F08-8342-ABF2AC58FC82}
		{6F721F63-D2F0-438D-A9E4-3E2ADD19D06E} = {8DD5B887-8161-4F08-8342-ABF2AC58FC82}
	EndGlobalSection
	GlobalSection(ExtensibilityGlobals) = postSolution
		SolutionGuid = {DF33E854-54A4-4D55-93F3-159DBBB4BC51}
	EndGlobalSection
EndGlobal
